# THIS IS AN AUTOGENERATED FILE. DO NOT EDIT THIS FILE DIRECTLY.
# yarn lockfile v1


fsevents@~2.3.1:
  version "2.3.2"
  resolved "http://192.168.0.202:4873/fsevents/-/fsevents-2.3.2.tgz#8a526f78b8fdf4623b709e0b975c52c24c02fd1a"
  integrity sha1-ilJveLj99GI7cJ4Ll1xSwkwC/Ro=

mime@>=2.4.6:
  version "2.5.2"
  resolved "http://192.168.0.202:4873/mime/-/mime-2.5.2.tgz#6e3dc6cc2b9510643830e5f19d5cb753da5eeabe"
  integrity sha1-bj3GzCuVEGQ4MOXxnVy3U9pe6r4=

opener@1:
  version "1.5.2"
  resolved "http://192.168.0.202:4873/opener/-/opener-1.5.2.tgz#5d37e1f35077b9dcac4301372271afdeb2a13598"
  integrity sha1-XTfh81B3udysQwE3InGv3rKhNZg=

rollup-plugin-serve@^1.1.0:
  version "1.1.0"
  resolved "http://192.168.0.202:4873/rollup-plugin-serve/-/rollup-plugin-serve-1.1.0.tgz#0654a57021a21b903340c69940f7463706e8288d"
  integrity sha1-BlSlcCGiG5AzQMaZQPdGNwboKI0=
  dependencies:
    mime ">=2.4.6"
    opener "1"

rollup@^2.50.2:
  version "2.50.2"
  resolved "http://192.168.0.202:4873/rollup/-/rollup-2.50.2.tgz#640c500c68c698f62efb01857e0ff06fcd18181f"
  integrity sha1-ZAxQDGjGmPYu+wGFfg/wb80YGB8=
  optionalDependencies:
    fsevents "~2.3.1"
